// !$*UTF8*$!
{
	archiveVersion = 1;
	classes = {
	};
	objectVersion = 46;
	objects = {

/* Begin PBXBuildFile section */
		67A8ED611E68EAF400772296 /* AppDelegate.swift in Sources */ = {isa = PBXBuildFile; fileRef = 67A8ED601E68EAF400772296 /* AppDelegate.swift */; };
		67A8ED631E68EAF400772296 /* ViewController.swift in Sources */ = {isa = PBXBuildFile; fileRef = 67A8ED621E68EAF400772296 /* ViewController.swift */; };
		67A8ED661E68EAF400772296 /* Main.storyboard in Resources */ = {isa = PBXBuildFile; fileRef = 67A8ED641E68EAF400772296 /* Main.storyboard */; };
		67A8ED681E68EAF400772296 /* Assets.xcassets in Resources */ = {isa = PBXBuildFile; fileRef = 67A8ED671E68EAF400772296 /* Assets.xcassets */; };
		67A8ED6B1E68EAF400772296 /* LaunchScreen.storyboard in Resources */ = {isa = PBXBuildFile; fileRef = 67A8ED691E68EAF400772296 /* LaunchScreen.storyboard */; };
		67A8ED761E68EAF400772296 /* PuzzleTests.swift in Sources */ = {isa = PBXBuildFile; fileRef = 67A8ED751E68EAF400772296 /* PuzzleTests.swift */; };
		67A8ED811E68EAF400772296 /* PuzzleUITests.swift in Sources */ = {isa = PBXBuildFile; fileRef = 67A8ED801E68EAF400772296 /* PuzzleUITests.swift */; };
/* End PBXBuildFile section */

/* Begin PBXContainerItemProxy section */
		67A8ED721E68EAF400772296 /* PBXContainerItemProxy */ = {
			isa = PBXContainerItemProxy;
			containerPortal = 67A8ED551E68EAF400772296 /* Project object */;
			proxyType = 1;
			remoteGlobalIDString = 67A8ED5C1E68EAF400772296;
			remoteInfo = Puzzle;
		};
		67A8ED7D1E68EAF400772296 /* PBXContainerItemProxy */ = {
			isa = PBXContainerItemProxy;
			containerPortal = 67A8ED551E68EAF400772296 /* Project object */;
			proxyType = 1;
			remoteGlobalIDString = 67A8ED5C1E68EAF400772296;
			remoteInfo = Puzzle;
		};
/* End PBXContainerItemProxy section */

/* Begin PBXFileReference section */
		67A8ED5D1E68EAF400772296 /* Puzzle.app */ = {isa = PBXFileReference; explicitFileType = wrapper.application; includeInIndex = 0; path = Puzzle.app; sourceTree = BUILT_PRODUCTS_DIR; };
		67A8ED601E68EAF400772296 /* AppDelegate.swift */ = {isa = PBXFileReference; lastKnownFileType = sourcecode.swift; path = AppDelegate.swift; sourceTree = "<group>"; };
		67A8ED621E68EAF400772296 /* ViewController.swift */ = {isa = PBXFileReference; lastKnownFileType = sourcecode.swift; path = ViewController.swift; sourceTree = "<group>"; };
		67A8ED651E68EAF400772296 /* Base */ = {isa = PBXFileReference; lastKnownFileType = file.storyboard; name = Base; path = Base.lproj/Main.storyboard; sourceTree = "<group>"; };
		67A8ED671E68EAF400772296 /* Assets.xcassets */ = {isa = PBXFileReference; lastKnownFileType = folder.assetcatalog; path = Assets.xcassets; sourceTree = "<group>"; };
		67A8ED6A1E68EAF400772296 /* Base */ = {isa = PBXFileReference; lastKnownFileType = file.storyboard; name = Base; path = Base.lproj/LaunchScreen.storyboard; sourceTree = "<group>"; };
		67A8ED6C1E68EAF400772296 /* Info.plist */ = {isa = PBXFileReference; lastKnownFileType = text.plist.xml; path = Info.plist; sourceTree = "<group>"; };
		67A8ED711E68EAF400772296 /* PuzzleTests.xctest */ = {isa = PBXFileReference; explicitFileType = wrapper.cfbundle; includeInIndex = 0; path = PuzzleTests.xctest; sourceTree = BUILT_PRODUCTS_DIR; };
		67A8ED751E68EAF400772296 /* PuzzleTests.swift */ = {isa = PBXFileReference; lastKnownFileType = sourcecode.swift; path = PuzzleTests.swift; sourceTree = "<group>"; };
		67A8ED771E68EAF400772296 /* Info.plist */ = {isa = PBXFileReference; lastKnownFileType = text.plist.xml; path = Info.plist; sourceTree = "<group>"; };
		67A8ED7C1E68EAF400772296 /* PuzzleUITests.xctest */ = {isa = PBXFileReference; explicitFileType = wrapper.cfbundle; includeInIndex = 0; path = PuzzleUITests.xctest; sourceTree = BUILT_PRODUCTS_DIR; };
		67A8ED801E68EAF400772296 /* PuzzleUITests.swift */ = {isa = PBXFileReference; lastKnownFileType = sourcecode.swift; path = PuzzleUITests.swift; sourceTree = "<group>"; };
		67A8ED821E68EAF400772296 /* Info.plist */ = {isa = PBXFileReference; lastKnownFileType = text.plist.xml; path = Info.plist; sourceTree = "<group>"; };
/* End PBXFileReference section */

/* Begin PBXFrameworksBuildPhase section */
		67A8ED5A1E68EAF400772296 /* Frameworks */ = {
			isa = PBXFrameworksBuildPhase;
			buildActionMask = 2147483647;
			files = (
			);
			runOnlyForDeploymentPostprocessing = 0;
		};
		67A8ED6E1E68EAF400772296 /* Frameworks */ = {
			isa = PBXFrameworksBuildPhase;
			buildActionMask = 2147483647;
			files = (
			);
			runOnlyForDeploymentPostprocessing = 0;
		};
		67A8ED791E68EAF400772296 /* Frameworks */ = {
			isa = PBXFrameworksBuildPhase;
			buildActionMask = 2147483647;
			files = (
			);
			runOnlyForDeploymentPostprocessing = 0;
		};
/* End PBXFrameworksBuildPhase section */

/* Begin PBXGroup section */
		67A8ED541E68EAF400772296 = {
			isa = PBXGroup;
			children = (
				67A8ED5F1E68EAF400772296 /* Puzzle */,
				67A8ED741E68EAF400772296 /* PuzzleTests */,
				67A8ED7F1E68EAF400772296 /* PuzzleUITests */,
				67A8ED5E1E68EAF400772296 /* Products */,
			);
			sourceTree = "<group>";
		};
		67A8ED5E1E68EAF400772296 /* Products */ = {
			isa = PBXGroup;
			children = (
				67A8ED5D1E68EAF400772296 /* Puzzle.app */,
				67A8ED711E68EAF400772296 /* PuzzleTests.xctest */,
				67A8ED7C1E68EAF400772296 /* PuzzleUITests.xctest */,
			);
			name = Products;
			sourceTree = "<group>";
		};
		67A8ED5F1E68EAF400772296 /* Puzzle */ = {
			isa = PBXGroup;
			children = (
				67A8ED601E68EAF400772296 /* AppDelegate.swift */,
				67A8ED621E68EAF400772296 /* ViewController.swift */,
				67A8ED641E68EAF400772296 /* Main.storyboard */,
				67A8ED671E68EAF400772296 /* Assets.xcassets */,
				67A8ED691E68EAF400772296 /* LaunchScreen.storyboard */,
				67A8ED6C1E68EAF400772296 /* Info.plist */,
			);
			path = Puzzle;
			sourceTree = "<group>";
		};
		67A8ED741E68EAF400772296 /* PuzzleTests */ = {
			isa = PBXGroup;
			children = (
				67A8ED751E68EAF400772296 /* PuzzleTests.swift */,
				67A8ED771E68EAF400772296 /* Info.plist */,
			);
			path = PuzzleTests;
			sourceTree = "<group>";
		};
		67A8ED7F1E68EAF400772296 /* PuzzleUITests */ = {
			isa = PBXGroup;
			children = (
				67A8ED801E68EAF400772296 /* PuzzleUITests.swift */,
				67A8ED821E68EAF400772296 /* Info.plist */,
			);
			path = PuzzleUITests;
			sourceTree = "<group>";
		};
/* End PBXGroup section */

/* Begin PBXNativeTarget section */
		67A8ED5C1E68EAF400772296 /* Puzzle */ = {
			isa = PBXNativeTarget;
			buildConfigurationList = 67A8ED851E68EAF400772296 /* Build configuration list for PBXNativeTarget "Puzzle" */;
			buildPhases = (
				67A8ED591E68EAF400772296 /* Sources */,
				67A8ED5A1E68EAF400772296 /* Frameworks */,
				67A8ED5B1E68EAF400772296 /* Resources */,
			);
			buildRules = (
			);
			dependencies = (
			);
			name = Puzzle;
			productName = Puzzle;
			productReference = 67A8ED5D1E68EAF400772296 /* Puzzle.app */;
			productType = "com.apple.product-type.application";
		};
		67A8ED701E68EAF400772296 /* PuzzleTests */ = {
			isa = PBXNativeTarget;
			buildConfigurationList = 67A8ED881E68EAF400772296 /* Build configuration list for PBXNativeTarget "PuzzleTests" */;
			buildPhases = (
				67A8ED6D1E68EAF400772296 /* Sources */,
				67A8ED6E1E68EAF400772296 /* Frameworks */,
				67A8ED6F1E68EAF400772296 /* Resources */,
			);
			buildRules = (
			);
			dependencies = (
				67A8ED731E68EAF400772296 /* PBXTargetDependency */,
			);
			name = PuzzleTests;
			productName = PuzzleTests;
			productReference = 67A8ED711E68EAF400772296 /* PuzzleTests.xctest */;
			productType = "com.apple.product-type.bundle.unit-test";
		};
		67A8ED7B1E68EAF400772296 /* PuzzleUITests */ = {
			isa = PBXNativeTarget;
			buildConfigurationList = 67A8ED8B1E68EAF400772296 /* Build configuration list for PBXNativeTarget "PuzzleUITests" */;
			buildPhases = (
				67A8ED781E68EAF400772296 /* Sources */,
				67A8ED791E68EAF400772296 /* Frameworks */,
				67A8ED7A1E68EAF400772296 /* Resources */,
			);
			buildRules = (
			);
			dependencies = (
				67A8ED7E1E68EAF400772296 /* PBXTargetDependency */,
			);
			name = PuzzleUITests;
			productName = PuzzleUITests;
			productReference = 67A8ED7C1E68EAF400772296 /* PuzzleUITests.xctest */;
			productType = "com.apple.product-type.bundle.ui-testing";
		};
/* End PBXNativeTarget section */

/* Begin PBXProject section */
		67A8ED551E68EAF400772296 /* Project object */ = {
			isa = PBXProject;
			attributes = {
				LastSwiftUpdateCheck = 0820;
				LastUpgradeCheck = 0820;
				ORGANIZATIONNAME = "Nicholas Mercier";
				TargetAttributes = {
					67A8ED5C1E68EAF400772296 = {
						CreatedOnToolsVersion = 8.2.1;
						DevelopmentTeam = G78WDS6XUW;
						ProvisioningStyle = Automatic;
					};
					67A8ED701E68EAF400772296 = {
						CreatedOnToolsVersion = 8.2.1;
						DevelopmentTeam = G78WDS6XUW;
						ProvisioningStyle = Automatic;
						TestTargetID = 67A8ED5C1E68EAF400772296;
					};
					67A8ED7B1E68EAF400772296 = {
						CreatedOnToolsVersion = 8.2.1;
						DevelopmentTeam = G78WDS6XUW;
						ProvisioningStyle = Automatic;
						TestTargetID = 67A8ED5C1E68EAF400772296;
					};
				};
			};
			buildConfigurationList = 67A8ED581E68EAF400772296 /* Build configuration list for PBXProject "Puzzle" */;
			compatibilityVersion = "Xcode 3.2";
			developmentRegion = English;
			hasScannedForEncodings = 0;
			knownRegions = (
				en,
				Base,
			);
			mainGroup = 67A8ED541E68EAF400772296;
			productRefGroup = 67A8ED5E1E68EAF400772296 /* Products */;
			projectDirPath = "";
			projectRoot = "";
			targets = (
				67A8ED5C1E68EAF400772296 /* Puzzle */,
				67A8ED701E68EAF400772296 /* PuzzleTests */,
				67A8ED7B1E68EAF400772296 /* PuzzleUITests */,
			);
		};
/* End PBXProject section */

/* Begin PBXResourcesBuildPhase section */
		67A8ED5B1E68EAF400772296 /* Resources */ = {
			isa = PBXResourcesBuildPhase;
			buildActionMask = 2147483647;
			files = (
				67A8ED6B1E68EAF400772296 /* LaunchScreen.storyboard in Resources */,
				67A8ED681E68EAF400772296 /* Assets.xcassets in Resources */,
				67A8ED661E68EAF400772296 /* Main.storyboard in Resources */,
			);
			runOnlyForDeploymentPostprocessing = 0;
		};
		67A8ED6F1E68EAF400772296 /* Resources */ = {
			isa = PBXResourcesBuildPhase;
			buildActionMask = 2147483647;
			files = (
			);
			runOnlyForDeploymentPostprocessing = 0;
		};
		67A8ED7A1E68EAF400772296 /* Resources */ = {
			isa = PBXResourcesBuildPhase;
			buildActionMask = 2147483647;
			files = (
			);
			runOnlyForDeploymentPostprocessing = 0;
		};
/* End PBXResourcesBuildPhase section */

/* Begin PBXSourcesBuildPhase section */
		67A8ED591E68EAF400772296 /* Sources */ = {
			isa = PBXSourcesBuildPhase;
			buildActionMask = 2147483647;
			files = (
				67A8ED631E68EAF400772296 /* ViewController.swift in Sources */,
				67A8ED611E68EAF400772296 /* AppDelegate.swift in Sources */,
			);
			runOnlyForDeploymentPostprocessing = 0;
		};
		67A8ED6D1E68EAF400772296 /* Sources */ = {
			isa = PBXSourcesBuildPhase;
			buildActionMask = 2147483647;
			files = (
				67A8ED761E68EAF400772296 /* PuzzleTests.swift in Sources */,
			);
			runOnlyForDeploymentPostprocessing = 0;
		};
		67A8ED781E68EAF400772296 /* Sources */ = {
			isa = PBXSourcesBuildPhase;
			buildActionMask = 2147483647;
			files = (
				67A8ED811E68EAF400772296 /* PuzzleUITests.swift in Sources */,
			);
			runOnlyForDeploymentPostprocessing = 0;
		};
/* End PBXSourcesBuildPhase section */

/* Begin PBXTargetDependency section */
		67A8ED731E68EAF400772296 /* PBXTargetDependency */ = {
			isa = PBXTargetDependency;
			target = 67A8ED5C1E68EAF400772296 /* Puzzle */;
			targetProxy = 67A8ED721E68EAF400772296 /* PBXContainerItemProxy */;
		};
		67A8ED7E1E68EAF400772296 /* PBXTargetDependency */ = {
			isa = PBXTargetDependency;
			target = 67A8ED5C1E68EAF400772296 /* Puzzle */;
			targetProxy = 67A8ED7D1E68EAF400772296 /* PBXContainerItemProxy */;
		};
/* End PBXTargetDependency section */

/* Begin PBXVariantGroup section */
		67A8ED641E68EAF400772296 /* Main.storyboard */ = {
			isa = PBXVariantGroup;
			children = (
				67A8ED651E68EAF400772296 /* Base */,
			);
			name = Main.storyboard;
			sourceTree = "<group>";
		};
		67A8ED691E68EAF400772296 /* LaunchScreen.storyboard */ = {
			isa = PBXVariantGroup;
			children = (
				67A8ED6A1E68EAF400772296 /* Base */,
			);
			name = LaunchScreen.storyboard;
			sourceTree = "<group>";
		};
/* End PBXVariantGroup section */

/* Begin XCBuildConfiguration section */
		67A8ED831E68EAF400772296 /* Debug */ = {
			isa = XCBuildConfiguration;
			buildSettings = {
				ALWAYS_SEARCH_USER_PATHS = NO;
				CLANG_ANALYZER_NONNULL = YES;
				CLANG_CXX_LANGUAGE_STANDARD = "gnu++0x";
				CLANG_CXX_LIBRARY = "libc++";
				CLANG_ENABLE_MODULES = YES;
				CLANG_ENABLE_OBJC_ARC = YES;
				CLANG_WARN_BOOL_CONVERSION = YES;
				CLANG_WARN_CONSTANT_CONVERSION = YES;
				CLANG_WARN_DIRECT_OBJC_ISA_USAGE = YES_ERROR;
				CLANG_WARN_DOCUMENTATION_COMMENTS = YES;
				CLANG_WARN_EMPTY_BODY = YES;
				CLANG_WARN_ENUM_CONVERSION = YES;
				CLANG_WARN_INFINITE_RECURSION = YES;
				CLANG_WARN_INT_CONVERSION = YES;
				CLANG_WARN_OBJC_ROOT_CLASS = YES_ERROR;
				CLANG_WARN_SUSPICIOUS_MOVE = YES;
				CLANG_WARN_UNREACHABLE_CODE = YES;
				CLANG_WARN__DUPLICATE_METHOD_MATCH = YES;
				"CODE_SIGN_IDENTITY[sdk=iphoneos*]" = "iPhone Developer";
				COPY_PHASE_STRIP = NO;
				DEBUG_INFORMATION_FORMAT = dwarf;
				ENABLE_STRICT_OBJC_MSGSEND = YES;
				ENABLE_TESTABILITY = YES;
				GCC_C_LANGUAGE_STANDARD = gnu99;
				GCC_DYNAMIC_NO_PIC = NO;
				GCC_NO_COMMON_BLOCKS = YES;
				GCC_OPTIMIZATION_LEVEL = 0;
				GCC_PREPROCESSOR_DEFINITIONS = (
					"DEBUG=1",
					"$(inherited)",
				);
				GCC_WARN_64_TO_32_BIT_CONVERSION = YES;
				GCC_WARN_ABOUT_RETURN_TYPE = YES_ERROR;
				GCC_WARN_UNDECLARED_SELECTOR = YES;
				GCC_WARN_UNINITIALIZED_AUTOS = YES_AGGRESSIVE;
				GCC_WARN_UNUSED_FUNCTION = YES;
				GCC_WARN_UNUSED_VARIABLE = YES;
				IPHONEOS_DEPLOYMENT_TARGET = 10.2;
				MTL_ENABLE_DEBUG_INFO = YES;
				ONLY_ACTIVE_ARCH = YES;
				SDKROOT = iphoneos;
				SWIFT_ACTIVE_COMPILATION_CONDITIONS = DEBUG;
				SWIFT_OPTIMIZATION_LEVEL = "-Onone";
				TARGETED_DEVICE_FAMILY = "1,2";
			};
			name = Debug;
		};
		67A8ED841E68EAF400772296 /* Release */ = {
			isa = XCBuildConfiguration;
			buildSettings = {
				ALWAYS_SEARCH_USER_PATHS = NO;
				CLANG_ANALYZER_NONNULL = YES;
				CLANG_CXX_LANGUAGE_STANDARD = "gnu++0x";
				CLANG_CXX_LIBRARY = "libc++";
				CLANG_ENABLE_MODULES = YES;
				CLANG_ENABLE_OBJC_ARC = YES;
				CLANG_WARN_BOOL_CONVERSION = YES;
				CLANG_WARN_CONSTANT_CONVERSION = YES;
				CLANG_WARN_DIRECT_OBJC_ISA_USAGE = YES_ERROR;
				CLANG_WARN_DOCUMENTATION_COMMENTS = YES;
				CLANG_WARN_EMPTY_BODY = YES;
				CLANG_WARN_ENUM_CONVERSION = YES;
				CLANG_WARN_INFINITE_RECURSION = YES;
				CLANG_WARN_INT_CONVERSION = YES;
				CLANG_WARN_OBJC_ROOT_CLASS = YES_ERROR;
				CLANG_WARN_SUSPICIOUS_MOVE = YES;
				CLANG_WARN_UNREACHABLE_CODE = YES;
				CLANG_WARN__DUPLICATE_METHOD_MATCH = YES;
				"CODE_SIGN_IDENTITY[sdk=iphoneos*]" = "iPhone Developer";
				COPY_PHASE_STRIP = NO;
				DEBUG_INFORMATION_FORMAT = "dwarf-with-dsym";
				ENABLE_NS_ASSERTIONS = NO;
				ENABLE_STRICT_OBJC_MSGSEND = YES;
				GCC_C_LANGUAGE_STANDARD = gnu99;
				GCC_NO_COMMON_BLOCKS = YES;
				GCC_WARN_64_TO_32_BIT_CONVERSION = YES;
				GCC_WARN_ABOUT_RETURN_TYPE = YES_ERROR;
				GCC_WARN_UNDECLARED_SELECTOR = YES;
				GCC_WARN_UNINITIALIZED_AUTOS = YES_AGGRESSIVE;
				GCC_WARN_UNUSED_FUNCTION = YES;
				GCC_WARN_UNUSED_VARIABLE = YES;
				IPHONEOS_DEPLOYMENT_TARGET = 10.2;
				MTL_ENABLE_DEBUG_INFO = NO;
				SDKROOT = iphoneos;
				SWIFT_OPTIMIZATION_LEVEL = "-Owholemodule";
				TARGETED_DEVICE_FAMILY = "1,2";
				VALIDATE_PRODUCT = YES;
			};
			name = Release;
		};
		67A8ED861E68EAF400772296 /* Debug */ = {
			isa = XCBuildConfiguration;
			buildSettings = {
				ASSETCATALOG_COMPILER_APPICON_NAME = AppIcon;
				DEVELOPMENT_TEAM = G78WDS6XUW;
				INFOPLIST_FILE = Puzzle/Info.plist;
				LD_RUNPATH_SEARCH_PATHS = "$(inherited) @executable_path/Frameworks";
				PRODUCT_BUNDLE_IDENTIFIER = ca.nicho.Puzzle;
				PRODUCT_NAME = "$(TARGET_NAME)";
				SWIFT_VERSION = 3.0;
			};
			name = Debug;
		};
		67A8ED871E68EAF400772296 /* Release */ = {
			isa = XCBuildConfiguration;
			buildSettings = {
				ASSETCATALOG_COMPILER_APPICON_NAME = AppIcon;
				DEVELOPMENT_TEAM = G78WDS6XUW;
				INFOPLIST_FILE = Puzzle/Info.plist;
				LD_RUNPATH_SEARCH_PATHS = "$(inherited) @executable_path/Frameworks";
				PRODUCT_BUNDLE_IDENTIFIER = ca.nicho.Puzzle;
				PRODUCT_NAME = "$(TARGET_NAME)";
				SWIFT_VERSION = 3.0;
			};
			name = Release;
		};
		67A8ED891E68EAF400772296 /* Debug */ = {
			isa = XCBuildConfiguration;
			buildSettings = {
				ALWAYS_EMBED_SWIFT_STANDARD_LIBRARIES = YES;
				BUNDLE_LOADER = "$(TEST_HOST)";
				DEVELOPMENT_TEAM = G78WDS6XUW;
				INFOPLIST_FILE = PuzzleTests/Info.plist;
				LD_RUNPATH_SEARCH_PATHS = "$(inherited) @executable_path/Frameworks @loader_path/Frameworks";
				PRODUCT_BUNDLE_IDENTIFIER = ca.nicho.PuzzleTests;
				PRODUCT_NAME = "$(TARGET_NAME)";
				SWIFT_VERSION = 3.0;
				TEST_HOST = "$(BUILT_PRODUCTS_DIR)/Puzzle.app/Puzzle";
			};
			name = Debug;
		};
		67A8ED8A1E68EAF400772296 /* Release */ = {
			isa = XCBuildConfiguration;
			buildSettings = {
				ALWAYS_EMBED_SWIFT_STANDARD_LIBRARIES = YES;
				BUNDLE_LOADER = "$(TEST_HOST)";
				DEVELOPMENT_TEAM = G78WDS6XUW;
				INFOPLIST_FILE = PuzzleTests/Info.plist;
				LD_RUNPATH_SEARCH_PATHS = "$(inherited) @executable_path/Frameworks @loader_path/Frameworks";
				PRODUCT_BUNDLE_IDENTIFIER = ca.nicho.PuzzleTests;
				PRODUCT_NAME = "$(TARGET_NAME)";
				SWIFT_VERSION = 3.0;
				TEST_HOST = "$(BUILT_PRODUCTS_DIR)/Puzzle.app/Puzzle";
			};
			name = Release;
		};
		67A8ED8C1E68EAF400772296 /* Debug */ = {
			isa = XCBuildConfiguration;
			buildSettings = {
				ALWAYS_EMBED_SWIFT_STANDARD_LIBRARIES = YES;
				DEVELOPMENT_TEAM = G78WDS6XUW;
				INFOPLIST_FILE = PuzzleUITests/Info.plist;
				LD_RUNPATH_SEARCH_PATHS = "$(inherited) @executable_path/Frameworks @loader_path/Frameworks";
				PRODUCT_BUNDLE_IDENTIFIER = ca.nicho.PuzzleUITests;
				PRODUCT_NAME = "$(TARGET_NAME)";
				SWIFT_VERSION = 3.0;
				TEST_TARGET_NAME = Puzzle;
			};
			name = Debug;
		};
		67A8ED8D1E68EAF400772296 /* Release */ = {
			isa = XCBuildConfiguration;
			buildSettings = {
				ALWAYS_EMBED_SWIFT_STANDARD_LIBRARIES = YES;
				DEVELOPMENT_TEAM = G78WDS6XUW;
				INFOPLIST_FILE = PuzzleUITests/Info.plist;
				LD_RUNPATH_SEARCH_PATHS = "$(inherited) @executable_path/Frameworks @loader_path/Frameworks";
				PRODUCT_BUNDLE_IDENTIFIER = ca.nicho.PuzzleUITests;
				PRODUCT_NAME = "$(TARGET_NAME)";
				SWIFT_VERSION = 3.0;
				TEST_TARGET_NAME = Puzzle;
			};
			name = Release;
		};
/* End XCBuildConfiguration section */

/* Begin XCConfigurationList section */
		67A8ED581E68EAF400772296 /* Build configuration list for PBXProject "Puzzle" */ = {
			isa = XCConfigurationList;
			buildConfigurations = (
				67A8ED831E68EAF400772296 /* Debug */,
				67A8ED841E68EAF400772296 /* Release */,
			);
			defaultConfigurationIsVisible = 0;
			defaultConfigurationName = Release;
		};
		67A8ED851E68EAF400772296 /* Build configuration list for PBXNativeTarget "Puzzle" */ = {
			isa = XCConfigurationList;
			buildConfigurations = (
				67A8ED861E68EAF400772296 /* Debug */,
				67A8ED871E68EAF400772296 /* Release */,
			);
			defaultConfigurationIsVisible = 0;
		};
		67A8ED881E68EAF400772296 /* Build configuration list for PBXNativeTarget "PuzzleTests" */ = {
			isa = XCConfigurationList;
			buildConfigurations = (
				67A8ED891E68EAF400772296 /* Debug */,
				67A8ED8A1E68EAF400772296 /* Release */,
			);
			defaultConfigurationIsVisible = 0;
		};
		67A8ED8B1E68EAF400772296 /* Build configuration list for PBXNativeTarget "PuzzleUITests" */ = {
			isa = XCConfigurationList;
			buildConfigurations = (
				67A8ED8C1E68EAF400772296 /* Debug */,
				67A8ED8D1E68EAF400772296 /* Release */,
			);
			defaultConfigurationIsVisible = 0;
		};
/* End XCConfigurationList section */
	};
	rootObject = 67A8ED551E68EAF400772296 /* Project object */;
}
